Microsoft Visual Studio Solution File, Format Version 12.00
# Visual Studio Version 17
VisualStudioVersion = 17.5.2.0
MinimumVisualStudioVersion = 10.0.40219.1
Project("{FAE04EC0-301F-11D3-BF4B-00C04F79EFBC}") = "plant-care-hub", "plant-care-hub.csproj", "{DB1A4E85-2CBD-76D4-FE49-45ACD76FCF19}"
EndProject
Global
	GlobalSection(SolutionConfigurationPlatforms) = preSolution
		Debug|Any CPU = Debug|Any CPU
		Release|Any CPU = Release|Any CPU
	EndGlobalSection
	GlobalSection(ProjectConfigurationPlatforms) = postSolution
		{DB1A4E85-2CBD-76D4-FE49-45ACD76FCF19}.Debug|Any CPU.ActiveCfg = Debug|Any CPU
		{DB1A4E85-2CBD-76D4-FE49-45ACD76FCF19}.Debug|Any CPU.Build.0 = Debug|Any CPU
		{DB1A4E85-2CBD-76D4-FE49-45ACD76FCF19}.Release|Any CPU.ActiveCfg = Release|Any CPU
		{DB1A4E85-2CBD-76D4-FE49-45ACD76FCF19}.Release|Any CPU.Build.0 = Release|Any CPU
	EndGlobalSection
	GlobalSection(SolutionProperties) = preSolution
		HideSolutionNode = FALSE
	EndGlobalSection
	GlobalSection(ExtensibilityGlobals) = postSolution
		SolutionGuid = {08691B95-2112-4CB9-BF02-7DA257DCB15D}
	EndGlobalSection
EndGlobal
